// !$*UTF8*$!
{
	archiveVersion = 1;
	classes = {
	};
	objectVersion = 50;
	objects = {

/* Begin PBXBuildFile section */
		18807C362235ED9C00DE7183 /* AppDelegate.m in Sources */ = {isa = PBXBuildFile; fileRef = 18807C352235ED9C00DE7183 /* AppDelegate.m */; };
		18807C392235ED9C00DE7183 /* ViewController.m in Sources */ = {isa = PBXBuildFile; fileRef = 18807C382235ED9C00DE7183 /* ViewController.m */; };
		18807C3C2235ED9C00DE7183 /* Main.storyboard in Resources */ = {isa = PBXBuildFile; fileRef = 18807C3A2235ED9C00DE7183 /* Main.storyboard */; };
		18807C3E2235ED9D00DE7183 /* Assets.xcassets in Resources */ = {isa = PBXBuildFile; fileRef = 18807C3D2235ED9D00DE7183 /* Assets.xcassets */; };
		18807C412235ED9D00DE7183 /* LaunchScreen.storyboard in Resources */ = {isa = PBXBuildFile; fileRef = 18807C3F2235ED9D00DE7183 /* LaunchScreen.storyboard */; };
		18807C442235ED9E00DE7183 /* main.m in Sources */ = {isa = PBXBuildFile; fileRef = 18807C432235ED9E00DE7183 /* main.m */; };
/* End PBXBuildFile section */

/* Begin PBXFileReference section */
		18807C312235ED9C00DE7183 /* ImageCompressionResearch.app */ = {isa = PBXFileReference; explicitFileType = wrapper.application; includeInIndex = 0; path = ImageCompressionResearch.app; sourceTree = BUILT_PRODUCTS_DIR; };
		18807C342235ED9C00DE7183 /* AppDelegate.h */ = {isa = PBXFileReference; lastKnownFileType = sourcecode.c.h; path = AppDelegate.h; sourceTree = "<group>"; };
		18807C352235ED9C00DE7183 /* AppDelegate.m */ = {isa = PBXFileReference; lastKnownFileType = sourcecode.c.objc; path = AppDelegate.m; sourceTree = "<group>"; };
		18807C372235ED9C00DE7183 /* ViewController.h */ = {isa = PBXFileReference; lastKnownFileType = sourcecode.c.h; path = ViewController.h; sourceTree = "<group>"; };
		18807C382235ED9C00DE7183 /* ViewController.m */ = {isa = PBXFileReference; lastKnownFileType = sourcecode.c.objc; path = ViewController.m; sourceTree = "<group>"; };
		18807C3B2235ED9C00DE7183 /* Base */ = {isa = PBXFileReference; lastKnownFileType = file.storyboard; name = Base; path = Base.lproj/Main.storyboard; sourceTree = "<group>"; };
		18807C3D2235ED9D00DE7183 /* Assets.xcassets */ = {isa = PBXFileReference; lastKnownFileType = folder.assetcatalog; path = Assets.xcassets; sourceTree = "<group>"; };
		18807C402235ED9D00DE7183 /* Base */ = {isa = PBXFileReference; lastKnownFileType = file.storyboard; name = Base; path = Base.lproj/LaunchScreen.storyboard; sourceTree = "<group>"; };
		18807C422235ED9E00DE7183 /* Info.plist */ = {isa = PBXFileReference; lastKnownFileType = text.plist.xml; path = Info.plist; sourceTree = "<group>"; };
		18807C432235ED9E00DE7183 /* main.m */ = {isa = PBXFileReference; lastKnownFileType = sourcecode.c.objc; path = main.m; sourceTree = "<group>"; };
/* End PBXFileReference section */

/* Begin PBXFrameworksBuildPhase section */
		18807C2E2235ED9C00DE7183 /* Frameworks */ = {
			isa = PBXFrameworksBuildPhase;
			buildActionMask = 2147483647;
			files = (
			);
			runOnlyForDeploymentPostprocessing = 0;
		};
/* End PBXFrameworksBuildPhase section */

/* Begin PBXGroup section */
		18807C282235ED9C00DE7183 = {
			isa = PBXGroup;
			children = (
				18807C332235ED9C00DE7183 /* ImageCompressionResearch */,
				18807C322235ED9C00DE7183 /* Products */,
			);
			sourceTree = "<group>";
		};
		18807C322235ED9C00DE7183 /* Products */ = {
			isa = PBXGroup;
			children = (
				18807C312235ED9C00DE7183 /* ImageCompressionResearch.app */,
			);
			name = Products;
			sourceTree = "<group>";
		};
		18807C332235ED9C00DE7183 /* ImageCompressionResearch */ = {
			isa = PBXGroup;
			children = (
				18807C342235ED9C00DE7183 /* AppDelegate.h */,
				18807C352235ED9C00DE7183 /* AppDelegate.m */,
				18807C372235ED9C00DE7183 /* ViewController.h */,
				18807C382235ED9C00DE7183 /* ViewController.m */,
				18807C3A2235ED9C00DE7183 /* Main.storyboard */,
				18807C3D2235ED9D00DE7183 /* Assets.xcassets */,
				18807C3F2235ED9D00DE7183 /* LaunchScreen.storyboard */,
				18807C422235ED9E00DE7183 /* Info.plist */,
				18807C432235ED9E00DE7183 /* main.m */,
			);
			path = ImageCompressionResearch;
			sourceTree = "<group>";
		};
/* End PBXGroup section */

/* Begin PBXNativeTarget section */
		18807C302235ED9C00DE7183 /* ImageCompressionResearch */ = {
			isa = PBXNativeTarget;
			buildConfigurationList = 18807C472235ED9E00DE7183 /* Build configuration list for PBXNativeTarget "ImageCompressionResearch" */;
			buildPhases = (
				18807C2D2235ED9C00DE7183 /* Sources */,
				18807C2E2235ED9C00DE7183 /* Frameworks */,
				18807C2F2235ED9C00DE7183 /* Resources */,
			);
			buildRules = (
			);
			dependencies = (
			);
			name = ImageCompressionResearch;
			productName = ImageCompressionResearch;
			productReference = 18807C312235ED9C00DE7183 /* ImageCompressionResearch.app */;
			productType = "com.apple.product-type.application";
		};
/* End PBXNativeTarget section */

/* Begin PBXProject section */
		18807C292235ED9C00DE7183 /* Project object */ = {
			isa = PBXProject;
			attributes = {
				LastUpgradeCheck = 1010;
				ORGANIZATIONNAME = yinhe;
				TargetAttributes = {
					18807C302235ED9C00DE7183 = {
						CreatedOnToolsVersion = 10.1;
					};
				};
			};
			buildConfigurationList = 18807C2C2235ED9C00DE7183 /* Build configuration list for PBXProject "ImageCompressionResearch" */;
			compatibilityVersion = "Xcode 9.3";
			developmentRegion = en;
			hasScannedForEncodings = 0;
			knownRegions = (
				en,
				Base,
			);
			mainGroup = 18807C282235ED9C00DE7183;
			productRefGroup = 18807C322235ED9C00DE7183 /* Products */;
			projectDirPath = "";
			projectRoot = "";
			targets = (
				18807C302235ED9C00DE7183 /* ImageCompressionResearch */,
			);
		};
/* End PBXProject section */

/* Begin PBXResourcesBuildPhase section */
		18807C2F2235ED9C00DE7183 /* Resources */ = {
			isa = PBXResourcesBuildPhase;
			buildActionMask = 2147483647;
			files = (
				18807C412235ED9D00DE7183 /* LaunchScreen.storyboard in Resources */,
				18807C3E2235ED9D00DE7183 /* Assets.xcassets in Resources */,
				18807C3C2235ED9C00DE7183 /* Main.storyboard in Resources */,
			);
			runOnlyForDeploymentPostprocessing = 0;
		};
/* End PBXResourcesBuildPhase section */

/* Begin PBXSourcesBuildPhase section */
		18807C2D2235ED9C00DE7183 /* Sources */ = {
			isa = PBXSourcesBuildPhase;
			buildActionMask = 2147483647;
			files = (
				18807C392235ED9C00DE7183 /* ViewController.m in Sources */,
				18807C442235ED9E00DE7183 /* main.m in Sources */,
				18807C362235ED9C00DE7183 /* AppDelegate.m in Sources */,
			);
			runOnlyForDeploymentPostprocessing = 0;
		};
/* End PBXSourcesBuildPhase section */

/* Begin PBXVariantGroup section */
		18807C3A2235ED9C00DE7183 /* Main.storyboard */ = {
			isa = PBXVariantGroup;
			children = (
				18807C3B2235ED9C00DE7183 /* Base */,
			);
			name = Main.storyboard;
			sourceTree = "<group>";
		};
		18807C3F2235ED9D00DE7183 /* LaunchScreen.storyboard */ = {
			isa = PBXVariantGroup;
			children = (
				18807C402235ED9D00DE7183 /* Base */,
			);
			name = LaunchScreen.storyboard;
			sourceTree = "<group>";
		};
/* End PBXVariantGroup section */

/* Begin XCBuildConfiguration section */
		18807C452235ED9E00DE7183 /* Debug */ = {
			isa = XCBuildConfiguration;
			buildSettings = {
				ALWAYS_SEARCH_USER_PATHS = NO;
				CLANG_ANALYZER_NONNULL = YES;
				CLANG_ANALYZER_NUMBER_OBJECT_CONVERSION = YES_AGGRESSIVE;
				CLANG_CXX_LANGUAGE_STANDARD = "gnu++14";
				CLANG_CXX_LIBRARY = "libc++";
				CLANG_ENABLE_MODULES = YES;
				CLANG_ENABLE_OBJC_ARC = YES;
				CLANG_ENABLE_OBJC_WEAK = YES;
				CLANG_WARN_BLOCK_CAPTURE_AUTORELEASING = YES;
				CLANG_WARN_BOOL_CONVERSION = YES;
				CLANG_WARN_COMMA = YES;
				CLANG_WARN_CONSTANT_CONVERSION = YES;
				CLANG_WARN_DEPRECATED_OBJC_IMPLEMENTATIONS = YES;
				CLANG_WARN_DIRECT_OBJC_ISA_USAGE = YES_ERROR;
				CLANG_WARN_DOCUMENTATION_COMMENTS = YES;
				CLANG_WARN_EMPTY_BODY = YES;
				CLANG_WARN_ENUM_CONVERSION = YES;
				CLANG_WARN_INFINITE_RECURSION = YES;
				CLANG_WARN_INT_CONVERSION = YES;
				CLANG_WARN_NON_LITERAL_NULL_CONVERSION = YES;
				CLANG_WARN_OBJC_IMPLICIT_RETAIN_SELF = YES;
				CLANG_WARN_OBJC_LITERAL_CONVERSION = YES;
				CLANG_WARN_OBJC_ROOT_CLASS = YES_ERROR;
				CLANG_WARN_RANGE_LOOP_ANALYSIS = YES;
				CLANG_WARN_STRICT_PROTOTYPES = YES;
				CLANG_WARN_SUSPICIOUS_MOVE = YES;
				CLANG_WARN_UNGUARDED_AVAILABILITY = YES_AGGRESSIVE;
				CLANG_WARN_UNREACHABLE_CODE = YES;
				CLANG_WARN__DUPLICATE_METHOD_MATCH = YES;
				CODE_SIGN_IDENTITY = "iPhone Developer";
				COPY_PHASE_STRIP = NO;
				DEBUG_INFORMATION_FORMAT = dwarf;
				ENABLE_STRICT_OBJC_MSGSEND = YES;
				ENABLE_TESTABILITY = YES;
				GCC_C_LANGUAGE_STANDARD = gnu11;
				GCC_DYNAMIC_NO_PIC = NO;
				GCC_NO_COMMON_BLOCKS = YES;
				GCC_OPTIMIZATION_LEVEL = 0;
				GCC_PREPROCESSOR_DEFINITIONS = (
					"DEBUG=1",
					"$(inherited)",
				);
				GCC_WARN_64_TO_32_BIT_CONVERSION = YES;
				GCC_WARN_ABOUT_RETURN_TYPE = YES_ERROR;
				GCC_WARN_UNDECLARED_SELECTOR = YES;
				GCC_WARN_UNINITIALIZED_AUTOS = YES_AGGRESSIVE;
				GCC_WARN_UNUSED_FUNCTION = YES;
				GCC_WARN_UNUSED_VARIABLE = YES;
				IPHONEOS_DEPLOYMENT_TARGET = 12.1;
				MTL_ENABLE_DEBUG_INFO = INCLUDE_SOURCE;
				MTL_FAST_MATH = YES;
				ONLY_ACTIVE_ARCH = YES;
				SDKROOT = iphoneos;
			};
			name = Debug;
		};
		18807C462235ED9E00DE7183 /* Release */ = {
			isa = XCBuildConfiguration;
			buildSettings = {
				ALWAYS_SEARCH_USER_PATHS = NO;
				CLANG_ANALYZER_NONNULL = YES;
				CLANG_ANALYZER_NUMBER_OBJECT_CONVERSION = YES_AGGRESSIVE;
				CLANG_CXX_LANGUAGE_STANDARD = "gnu++14";
				CLANG_CXX_LIBRARY = "libc++";
				CLANG_ENABLE_MODULES = YES;
				CLANG_ENABLE_OBJC_ARC = YES;
				CLANG_ENABLE_OBJC_WEAK = YES;
				CLANG_WARN_BLOCK_CAPTURE_AUTORELEASING = YES;
				CLANG_WARN_BOOL_CONVERSION = YES;
				CLANG_WARN_COMMA = YES;
				CLANG_WARN_CONSTANT_CONVERSION = YES;
				CLANG_WARN_DEPRECATED_OBJC_IMPLEMENTATIONS = YES;
				CLANG_WARN_DIRECT_OBJC_ISA_USAGE = YES_ERROR;
				CLANG_WARN_DOCUMENTATION_COMMENTS = YES;
				CLANG_WARN_EMPTY_BODY = YES;
				CLANG_WARN_ENUM_CONVERSION = YES;
				CLANG_WARN_INFINITE_RECURSION = YES;
				CLANG_WARN_INT_CONVERSION = YES;
				CLANG_WARN_NON_LITERAL_NULL_CONVERSION = YES;
				CLANG_WARN_OBJC_IMPLICIT_RETAIN_SELF = YES;
				CLANG_WARN_OBJC_LITERAL_CONVERSION = YES;
				CLANG_WARN_OBJC_ROOT_CLASS = YES_ERROR;
				CLANG_WARN_RANGE_LOOP_ANALYSIS = YES;
				CLANG_WARN_STRICT_PROTOTYPES = YES;
				CLANG_WARN_SUSPICIOUS_MOVE = YES;
				CLANG_WARN_UNGUARDED_AVAILABILITY = YES_AGGRESSIVE;
				CLANG_WARN_UNREACHABLE_CODE = YES;
				CLANG_WARN__DUPLICATE_METHOD_MATCH = YES;
				CODE_SIGN_IDENTITY = "iPhone Developer";
				COPY_PHASE_STRIP = NO;
				DEBUG_INFORMATION_FORMAT = "dwarf-with-dsym";
				ENABLE_NS_ASSERTIONS = NO;
				ENABLE_STRICT_OBJC_MSGSEND = YES;
				GCC_C_LANGUAGE_STANDARD = gnu11;
				GCC_NO_COMMON_BLOCKS = YES;
				GCC_WARN_64_TO_32_BIT_CONVERSION = YES;
				GCC_WARN_ABOUT_RETURN_TYPE = YES_ERROR;
				GCC_WARN_UNDECLARED_SELECTOR = YES;
				GCC_WARN_UNINITIALIZED_AUTOS = YES_AGGRESSIVE;
				GCC_WARN_UNUSED_FUNCTION = YES;
				GCC_WARN_UNUSED_VARIABLE = YES;
				IPHONEOS_DEPLOYMENT_TARGET = 12.1;
				MTL_ENABLE_DEBUG_INFO = NO;
				MTL_FAST_MATH = YES;
				SDKROOT = iphoneos;
				VALIDATE_PRODUCT = YES;
			};
			name = Release;
		};
		18807C482235ED9E00DE7183 /* Debug */ = {
			isa = XCBuildConfiguration;
			buildSettings = {
				ASSETCATALOG_COMPILER_APPICON_NAME = AppIcon;
				CODE_SIGN_STYLE = Automatic;
				DEVELOPMENT_TEAM = 2E8NVCJR97;
				INFOPLIST_FILE = ImageCompressionResearch/Info.plist;
				LD_RUNPATH_SEARCH_PATHS = (
					"$(inherited)",
					"@executable_path/Frameworks",
				);
				PRODUCT_BUNDLE_IDENTIFIER = com.yinhe.ImageCompressionResearch;
				PRODUCT_NAME = "$(TARGET_NAME)";
				TARGETED_DEVICE_FAMILY = "1,2";
			};
			name = Debug;
		};
		18807C492235ED9E00DE7183 /* Release */ = {
			isa = XCBuildConfiguration;
			buildSettings = {
				ASSETCATALOG_COMPILER_APPICON_NAME = AppIcon;
				CODE_SIGN_STYLE = Automatic;
				DEVELOPMENT_TEAM = 2E8NVCJR97;
				INFOPLIST_FILE = ImageCompressionResearch/Info.plist;
				LD_RUNPATH_SEARCH_PATHS = (
					"$(inherited)",
					"@executable_path/Frameworks",
				);
				PRODUCT_BUNDLE_IDENTIFIER = com.yinhe.ImageCompressionResearch;
				PRODUCT_NAME = "$(TARGET_NAME)";
				TARGETED_DEVICE_FAMILY = "1,2";
			};
			name = Release;
		};
/* End XCBuildConfiguration section */

/* Begin XCConfigurationList section */
		18807C2C2235ED9C00DE7183 /* Build configuration list for PBXProject "ImageCompressionResearch" */ = {
			isa = XCConfigurationList;
			buildConfigurations = (
				18807C452235ED9E00DE7183 /* Debug */,
				18807C462235ED9E00DE7183 /* Release */,
			);
			defaultConfigurationIsVisible = 0;
			defaultConfigurationName = Release;
		};
		18807C472235ED9E00DE7183 /* Build configuration list for PBXNativeTarget "ImageCompressionResearch" */ = {
			isa = XCConfigurationList;
			buildConfigurations = (
				18807C482235ED9E00DE7183 /* Debug */,
				18807C492235ED9E00DE7183 /* Release */,
			);
			defaultConfigurationIsVisible = 0;
			defaultConfigurationName = Release;
		};
/* End XCConfigurationList section */
	};
	rootObject = 18807C292235ED9C00DE7183 /* Project object */;
}
